
Microsoft Visual Studio Solution File, Format Version 12.00
# Visual Studio Version 17
VisualStudioVersion = 17.9.34723.18
MinimumVisualStudioVersion = 10.0.40219.1
Project("{FAE04EC0-301F-11D3-BF4B-00C04F79EFBC}") = "DesefioPraticoFundamentosCSharp", "DesefioPraticoFundamentosCSharp\DesefioPraticoFundamentosCSharp.csproj", "{57298CD0-851F-498D-A100-AFB3BE631FEA}"
EndProject
Global
	GlobalSection(SolutionConfigurationPlatforms) = preSolution
		Debug|Any CPU = Debug|Any CPU
		Release|Any CPU = Release|Any CPU
	EndGlobalSection
	GlobalSection(ProjectConfigurationPlatforms) = postSolution
		{57298CD0-851F-498D-A100-AFB3BE631FEA}.Debug|Any CPU.ActiveCfg = Debug|Any CPU
		{57298CD0-851F-498D-A100-AFB3BE631FEA}.Debug|Any CPU.Build.0 = Debug|Any CPU
		{57298CD0-851F-498D-A100-AFB3BE631FEA}.Release|Any CPU.ActiveCfg = Release|Any CPU
		{57298CD0-851F-498D-A100-AFB3BE631FEA}.Release|Any CPU.Build.0 = Release|Any CPU
	EndGlobalSection
	GlobalSection(SolutionProperties) = preSolution
		HideSolutionNode = FALSE
	EndGlobalSection
	GlobalSection(ExtensibilityGlobals) = postSolution
		SolutionGuid = {DF8BC492-68EE-441B-9588-3D97B572C64A}
	EndGlobalSection
EndGlobal
